
Microsoft Visual Studio Solution File, Format Version 12.00
# Visual Studio 15
VisualStudioVersion = 15.0.28307.852
MinimumVisualStudioVersion = 10.0.40219.1
Project("{FAE04EC0-301F-11D3-BF4B-00C04F79EFBC}") = "FAPLogin", "FAPLogin\FAPLogin.csproj", "{8FF267B0-3D68-477C-ACDF-0C1B78292D66}"
EndProject
Global
	GlobalSection(SolutionConfigurationPlatforms) = preSolution
		Debug|Any CPU = Debug|Any CPU
		Release|Any CPU = Release|Any CPU
	EndGlobalSection
	GlobalSection(ProjectConfigurationPlatforms) = postSolution
		{8FF267B0-3D68-477C-ACDF-0C1B78292D66}.Debug|Any CPU.ActiveCfg = Debug|Any CPU
		{8FF267B0-3D68-477C-ACDF-0C1B78292D66}.Debug|Any CPU.Build.0 = Debug|Any CPU
		{8FF267B0-3D68-477C-ACDF-0C1B78292D66}.Release|Any CPU.ActiveCfg = Release|Any CPU
		{8FF267B0-3D68-477C-ACDF-0C1B78292D66}.Release|Any CPU.Build.0 = Release|Any CPU
	EndGlobalSection
	GlobalSection(SolutionProperties) = preSolution
		HideSolutionNode = FALSE
	EndGlobalSection
	GlobalSection(ExtensibilityGlobals) = postSolution
		SolutionGuid = {C0B16EF8-AC6D-4837-BE34-342E704213BC}
	EndGlobalSection
EndGlobal
